{
  "version": "4",
  "specifiers": {
    "jsr:@std/cli@^1.0.8": "1.0.8",
    "jsr:@std/yaml@1": "1.0.5"
  },
  "jsr": {
    "@std/cli@1.0.8": {
      "integrity": "3762d8dc9a373715c08d871c38d45e637b25266f013a1d0bbe560bca409de94e"
    },
    "@std/yaml@1.0.5": {
      "integrity": "71ba3d334305ee2149391931508b2c293a8490f94a337eef3a09cade1a2a2742"
    }
  },
  "workspace": {
    "dependencies": [
      "jsr:@std/cli@^1.0.8",
      "jsr:@std/yaml@1"
    ]
  }
}
